
Microsoft Visual Studio Solution File, Format Version 12.00
Project("{FAE04EC0-301F-11D3-BF4B-00C04F79EFBC}") = "MamisSolidarias.Utils.Test", "MamisSolidarias.Utils.Test\MamisSolidarias.Utils.Test.csproj", "{A3EAE422-54D5-42F3-91E5-C060D7B5DC1D}"
EndProject
Global
	GlobalSection(SolutionConfigurationPlatforms) = preSolution
		Debug|Any CPU = Debug|Any CPU
		Release|Any CPU = Release|Any CPU
	EndGlobalSection
	GlobalSection(ProjectConfigurationPlatforms) = postSolution
		{A3EAE422-54D5-42F3-91E5-C060D7B5DC1D}.Debug|Any CPU.ActiveCfg = Debug|Any CPU
		{A3EAE422-54D5-42F3-91E5-C060D7B5DC1D}.Debug|Any CPU.Build.0 = Debug|Any CPU
		{A3EAE422-54D5-42F3-91E5-C060D7B5DC1D}.Release|Any CPU.ActiveCfg = Release|Any CPU
		{A3EAE422-54D5-42F3-91E5-C060D7B5DC1D}.Release|Any CPU.Build.0 = Release|Any CPU
	EndGlobalSection
EndGlobal
